
Microsoft Visual Studio Solution File, Format Version 12.00
# Visual Studio 15
VisualStudioVersion = 15.0.26730.16
MinimumVisualStudioVersion = 10.0.40219.1
Project("{FAE04EC0-301F-11D3-BF4B-00C04F79EFBC}") = "NUnitPractice", "NUnitPractice\NUnitPractice.csproj", "{F0D95C5C-2AE8-4221-8E27-80E92AC273BB}"
EndProject
Project("{FAE04EC0-301F-11D3-BF4B-00C04F79EFBC}") = "NUnitPractice.UnitTests", "NUnitPractice.UnitTests\NUnitPractice.UnitTests.csproj", "{941D6E9A-AE6B-4DA5-8315-1EF34F4C2F9D}"
EndProject
Global
	GlobalSection(SolutionConfigurationPlatforms) = preSolution
		Debug|Any CPU = Debug|Any CPU
		Release|Any CPU = Release|Any CPU
	EndGlobalSection
	GlobalSection(ProjectConfigurationPlatforms) = postSolution
		{F0D95C5C-2AE8-4221-8E27-80E92AC273BB}.Debug|Any CPU.ActiveCfg = Debug|Any CPU
		{F0D95C5C-2AE8-4221-8E27-80E92AC273BB}.Debug|Any CPU.Build.0 = Debug|Any CPU
		{F0D95C5C-2AE8-4221-8E27-80E92AC273BB}.Release|Any CPU.ActiveCfg = Release|Any CPU
		{F0D95C5C-2AE8-4221-8E27-80E92AC273BB}.Release|Any CPU.Build.0 = Release|Any CPU
		{941D6E9A-AE6B-4DA5-8315-1EF34F4C2F9D}.Debug|Any CPU.ActiveCfg = Debug|Any CPU
		{941D6E9A-AE6B-4DA5-8315-1EF34F4C2F9D}.Debug|Any CPU.Build.0 = Debug|Any CPU
		{941D6E9A-AE6B-4DA5-8315-1EF34F4C2F9D}.Release|Any CPU.ActiveCfg = Release|Any CPU
		{941D6E9A-AE6B-4DA5-8315-1EF34F4C2F9D}.Release|Any CPU.Build.0 = Release|Any CPU
	EndGlobalSection
	GlobalSection(SolutionProperties) = preSolution
		HideSolutionNode = FALSE
	EndGlobalSection
	GlobalSection(ExtensibilityGlobals) = postSolution
		SolutionGuid = {F46A4D4C-9340-4FF9-95AF-A1E0FEAB0A4F}
	EndGlobalSection
EndGlobal
